{
    "requires": true,
    "lockfileVersion": 1,
    "dependencies": {
        "select2": {
            "version": "4.0.8",
            "resolved": "https://registry.npmjs.org/select2/-/select2-4.0.8.tgz",
            "integrity": "sha512-H/I2mq71oiEe51S74hdUv4QubH1EJNLEMnjfQucftLa8GiuT5+RKIHwlV/7I/YUqZg0wsYQM946eFG/ntRPF/Q=="
        },
        "vue-select2": {
            "version": "0.2.6",
            "resolved": "https://registry.npmjs.org/vue-select2/-/vue-select2-0.2.6.tgz",
            "integrity": "sha1-09u/9lbXq3VbOs7kinJe/R/Q/Bs="
        }
    }
}
